
Microsoft Visual Studio Solution File, Format Version 12.00
# Visual Studio Version 17
VisualStudioVersion = 17.0.31903.59
MinimumVisualStudioVersion = 10.0.40219.1
Project("{FAE04EC0-301F-11D3-BF4B-00C04F79EFBC}") = "CQRS.Core", "..\CQRS-ES\CQRS.Core\CQRS.Core.csproj", "{D132C986-F953-466F-A4B8-F6F956D97F46}"
EndProject
Project("{2150E333-8FDC-42A3-9474-1A3956D46DE8}") = "Post.Cmd", "Post.Cmd", "{11B5C3FD-0B85-4319-B56D-F2E5DBFBF1A8}"
EndProject
Project("{FAE04EC0-301F-11D3-BF4B-00C04F79EFBC}") = "Post.Cmd.Api", "Post.Cmd\Post.Cmd.Api\Post.Cmd.Api.csproj", "{D2FD8F67-80A3-4C82-9857-DA46FC9B3BE0}"
EndProject
Project("{FAE04EC0-301F-11D3-BF4B-00C04F79EFBC}") = "Post.Cmd.Domain", "Post.Cmd\Post.Cmd.Domain\Post.Cmd.Domain.csproj", "{8095D58A-AC83-462D-AF4A-7FB154A244A8}"
EndProject
Project("{FAE04EC0-301F-11D3-BF4B-00C04F79EFBC}") = "Post.Cmd.Infrastructure", "Post.Cmd\Post.Cmd.Infrastructure\Post.Cmd.Infrastructure.csproj", "{D6B1FA60-D8B9-430E-9273-952EDB44CC10}"
EndProject
Project("{2150E333-8FDC-42A3-9474-1A3956D46DE8}") = "Post.Query", "Post.Query", "{4E2E04D4-EDC8-4A72-91BC-73F66A76F811}"
EndProject
Project("{FAE04EC0-301F-11D3-BF4B-00C04F79EFBC}") = "Post.Query.Api", "Post.Query\Post.Query.Api\Post.Query.Api.csproj", "{3AF7C49F-564D-4604-9AC9-C035D051B493}"
EndProject
Project("{FAE04EC0-301F-11D3-BF4B-00C04F79EFBC}") = "Post.Query.Domain", "Post.Query\Post.Query.Domain\Post.Query.Domain.csproj", "{7422C684-E297-4146-9952-37B682310961}"
EndProject
Project("{FAE04EC0-301F-11D3-BF4B-00C04F79EFBC}") = "Post.Query.Infrastructure", "Post.Query\Post.Query.Infrastructure\Post.Query.Infrastructure.csproj", "{F07F4D93-F22A-4E22-95E0-2C9D047EDE57}"
EndProject
Project("{FAE04EC0-301F-11D3-BF4B-00C04F79EFBC}") = "Post.Common", "Post.Common\Post.Common.csproj", "{455C7861-E238-4B96-B45A-DF0E4FF8C633}"
EndProject
Global
	GlobalSection(SolutionConfigurationPlatforms) = preSolution
		Debug|Any CPU = Debug|Any CPU
		Debug|x64 = Debug|x64
		Debug|x86 = Debug|x86
		Release|Any CPU = Release|Any CPU
		Release|x64 = Release|x64
		Release|x86 = Release|x86
	EndGlobalSection
	GlobalSection(ProjectConfigurationPlatforms) = postSolution
		{D132C986-F953-466F-A4B8-F6F956D97F46}.Debug|Any CPU.ActiveCfg = Debug|Any CPU
		{D132C986-F953-466F-A4B8-F6F956D97F46}.Debug|Any CPU.Build.0 = Debug|Any CPU
		{D132C986-F953-466F-A4B8-F6F956D97F46}.Debug|x64.ActiveCfg = Debug|Any CPU
		{D132C986-F953-466F-A4B8-F6F956D97F46}.Debug|x64.Build.0 = Debug|Any CPU
		{D132C986-F953-466F-A4B8-F6F956D97F46}.Debug|x86.ActiveCfg = Debug|Any CPU
		{D132C986-F953-466F-A4B8-F6F956D97F46}.Debug|x86.Build.0 = Debug|Any CPU
		{D132C986-F953-466F-A4B8-F6F956D97F46}.Release|Any CPU.ActiveCfg = Release|Any CPU
		{D132C986-F953-466F-A4B8-F6F956D97F46}.Release|Any CPU.Build.0 = Release|Any CPU
		{D132C986-F953-466F-A4B8-F6F956D97F46}.Release|x64.ActiveCfg = Release|Any CPU
		{D132C986-F953-466F-A4B8-F6F956D97F46}.Release|x64.Build.0 = Release|Any CPU
		{D132C986-F953-466F-A4B8-F6F956D97F46}.Release|x86.ActiveCfg = Release|Any CPU
		{D132C986-F953-466F-A4B8-F6F956D97F46}.Release|x86.Build.0 = Release|Any CPU
		{D2FD8F67-80A3-4C82-9857-DA46FC9B3BE0}.Debug|Any CPU.ActiveCfg = Debug|Any CPU
		{D2FD8F67-80A3-4C82-9857-DA46FC9B3BE0}.Debug|Any CPU.Build.0 = Debug|Any CPU
		{D2FD8F67-80A3-4C82-9857-DA46FC9B3BE0}.Debug|x64.ActiveCfg = Debug|Any CPU
		{D2FD8F67-80A3-4C82-9857-DA46FC9B3BE0}.Debug|x64.Build.0 = Debug|Any CPU
		{D2FD8F67-80A3-4C82-9857-DA46FC9B3BE0}.Debug|x86.ActiveCfg = Debug|Any CPU
		{D2FD8F67-80A3-4C82-9857-DA46FC9B3BE0}.Debug|x86.Build.0 = Debug|Any CPU
		{D2FD8F67-80A3-4C82-9857-DA46FC9B3BE0}.Release|Any CPU.ActiveCfg = Release|Any CPU
		{D2FD8F67-80A3-4C82-9857-DA46FC9B3BE0}.Release|Any CPU.Build.0 = Release|Any CPU
		{D2FD8F67-80A3-4C82-9857-DA46FC9B3BE0}.Release|x64.ActiveCfg = Release|Any CPU
		{D2FD8F67-80A3-4C82-9857-DA46FC9B3BE0}.Release|x64.Build.0 = Release|Any CPU
		{D2FD8F67-80A3-4C82-9857-DA46FC9B3BE0}.Release|x86.ActiveCfg = Release|Any CPU
		{D2FD8F67-80A3-4C82-9857-DA46FC9B3BE0}.Release|x86.Build.0 = Release|Any CPU
		{8095D58A-AC83-462D-AF4A-7FB154A244A8}.Debug|Any CPU.ActiveCfg = Debug|Any CPU
		{8095D58A-AC83-462D-AF4A-7FB154A244A8}.Debug|Any CPU.Build.0 = Debug|Any CPU
		{8095D58A-AC83-462D-AF4A-7FB154A244A8}.Debug|x64.ActiveCfg = Debug|Any CPU
		{8095D58A-AC83-462D-AF4A-7FB154A244A8}.Debug|x64.Build.0 = Debug|Any CPU
		{8095D58A-AC83-462D-AF4A-7FB154A244A8}.Debug|x86.ActiveCfg = Debug|Any CPU
		{8095D58A-AC83-462D-AF4A-7FB154A244A8}.Debug|x86.Build.0 = Debug|Any CPU
		{8095D58A-AC83-462D-AF4A-7FB154A244A8}.Release|Any CPU.ActiveCfg = Release|Any CPU
		{8095D58A-AC83-462D-AF4A-7FB154A244A8}.Release|Any CPU.Build.0 = Release|Any CPU
		{8095D58A-AC83-462D-AF4A-7FB154A244A8}.Release|x64.ActiveCfg = Release|Any CPU
		{8095D58A-AC83-462D-AF4A-7FB154A244A8}.Release|x64.Build.0 = Release|Any CPU
		{8095D58A-AC83-462D-AF4A-7FB154A244A8}.Release|x86.ActiveCfg = Release|Any CPU
		{8095D58A-AC83-462D-AF4A-7FB154A244A8}.Release|x86.Build.0 = Release|Any CPU
		{D6B1FA60-D8B9-430E-9273-952EDB44CC10}.Debug|Any CPU.ActiveCfg = Debug|Any CPU
		{D6B1FA60-D8B9-430E-9273-952EDB44CC10}.Debug|Any CPU.Build.0 = Debug|Any CPU
		{D6B1FA60-D8B9-430E-9273-952EDB44CC10}.Debug|x64.ActiveCfg = Debug|Any CPU
		{D6B1FA60-D8B9-430E-9273-952EDB44CC10}.Debug|x64.Build.0 = Debug|Any CPU
		{D6B1FA60-D8B9-430E-9273-952EDB44CC10}.Debug|x86.ActiveCfg = Debug|Any CPU
		{D6B1FA60-D8B9-430E-9273-952EDB44CC10}.Debug|x86.Build.0 = Debug|Any CPU
		{D6B1FA60-D8B9-430E-9273-952EDB44CC10}.Release|Any CPU.ActiveCfg = Release|Any CPU
		{D6B1FA60-D8B9-430E-9273-952EDB44CC10}.Release|Any CPU.Build.0 = Release|Any CPU
		{D6B1FA60-D8B9-430E-9273-952EDB44CC10}.Release|x64.ActiveCfg = Release|Any CPU
		{D6B1FA60-D8B9-430E-9273-952EDB44CC10}.Release|x64.Build.0 = Release|Any CPU
		{D6B1FA60-D8B9-430E-9273-952EDB44CC10}.Release|x86.ActiveCfg = Release|Any CPU
		{D6B1FA60-D8B9-430E-9273-952EDB44CC10}.Release|x86.Build.0 = Release|Any CPU
		{3AF7C49F-564D-4604-9AC9-C035D051B493}.Debug|Any CPU.ActiveCfg = Debug|Any CPU
		{3AF7C49F-564D-4604-9AC9-C035D051B493}.Debug|Any CPU.Build.0 = Debug|Any CPU
		{3AF7C49F-564D-4604-9AC9-C035D051B493}.Debug|x64.ActiveCfg = Debug|Any CPU
		{3AF7C49F-564D-4604-9AC9-C035D051B493}.Debug|x64.Build.0 = Debug|Any CPU
		{3AF7C49F-564D-4604-9AC9-C035D051B493}.Debug|x86.ActiveCfg = Debug|Any CPU
		{3AF7C49F-564D-4604-9AC9-C035D051B493}.Debug|x86.Build.0 = Debug|Any CPU
		{3AF7C49F-564D-4604-9AC9-C035D051B493}.Release|Any CPU.ActiveCfg = Release|Any CPU
		{3AF7C49F-564D-4604-9AC9-C035D051B493}.Release|Any CPU.Build.0 = Release|Any CPU
		{3AF7C49F-564D-4604-9AC9-C035D051B493}.Release|x64.ActiveCfg = Release|Any CPU
		{3AF7C49F-564D-4604-9AC9-C035D051B493}.Release|x64.Build.0 = Release|Any CPU
		{3AF7C49F-564D-4604-9AC9-C035D051B493}.Release|x86.ActiveCfg = Release|Any CPU
		{3AF7C49F-564D-4604-9AC9-C035D051B493}.Release|x86.Build.0 = Release|Any CPU
		{7422C684-E297-4146-9952-37B682310961}.Debug|Any CPU.ActiveCfg = Debug|Any CPU
		{7422C684-E297-4146-9952-37B682310961}.Debug|Any CPU.Build.0 = Debug|Any CPU
		{7422C684-E297-4146-9952-37B682310961}.Debug|x64.ActiveCfg = Debug|Any CPU
		{7422C684-E297-4146-9952-37B682310961}.Debug|x64.Build.0 = Debug|Any CPU
		{7422C684-E297-4146-9952-37B682310961}.Debug|x86.ActiveCfg = Debug|Any CPU
		{7422C684-E297-4146-9952-37B682310961}.Debug|x86.Build.0 = Debug|Any CPU
		{7422C684-E297-4146-9952-37B682310961}.Release|Any CPU.ActiveCfg = Release|Any CPU
		{7422C684-E297-4146-9952-37B682310961}.Release|Any CPU.Build.0 = Release|Any CPU
		{7422C684-E297-4146-9952-37B682310961}.Release|x64.ActiveCfg = Release|Any CPU
		{7422C684-E297-4146-9952-37B682310961}.Release|x64.Build.0 = Release|Any CPU
		{7422C684-E297-4146-9952-37B682310961}.Release|x86.ActiveCfg = Release|Any CPU
		{7422C684-E297-4146-9952-37B682310961}.Release|x86.Build.0 = Release|Any CPU
		{F07F4D93-F22A-4E22-95E0-2C9D047EDE57}.Debug|Any CPU.ActiveCfg = Debug|Any CPU
		{F07F4D93-F22A-4E22-95E0-2C9D047EDE57}.Debug|Any CPU.Build.0 = Debug|Any CPU
		{F07F4D93-F22A-4E22-95E0-2C9D047EDE57}.Debug|x64.ActiveCfg = Debug|Any CPU
		{F07F4D93-F22A-4E22-95E0-2C9D047EDE57}.Debug|x64.Build.0 = Debug|Any CPU
		{F07F4D93-F22A-4E22-95E0-2C9D047EDE57}.Debug|x86.ActiveCfg = Debug|Any CPU
		{F07F4D93-F22A-4E22-95E0-2C9D047EDE57}.Debug|x86.Build.0 = Debug|Any CPU
		{F07F4D93-F22A-4E22-95E0-2C9D047EDE57}.Release|Any CPU.ActiveCfg = Release|Any CPU
		{F07F4D93-F22A-4E22-95E0-2C9D047EDE57}.Release|Any CPU.Build.0 = Release|Any CPU
		{F07F4D93-F22A-4E22-95E0-2C9D047EDE57}.Release|x64.ActiveCfg = Release|Any CPU
		{F07F4D93-F22A-4E22-95E0-2C9D047EDE57}.Release|x64.Build.0 = Release|Any CPU
		{F07F4D93-F22A-4E22-95E0-2C9D047EDE57}.Release|x86.ActiveCfg = Release|Any CPU
		{F07F4D93-F22A-4E22-95E0-2C9D047EDE57}.Release|x86.Build.0 = Release|Any CPU
		{455C7861-E238-4B96-B45A-DF0E4FF8C633}.Debug|Any CPU.ActiveCfg = Debug|Any CPU
		{455C7861-E238-4B96-B45A-DF0E4FF8C633}.Debug|Any CPU.Build.0 = Debug|Any CPU
		{455C7861-E238-4B96-B45A-DF0E4FF8C633}.Debug|x64.ActiveCfg = Debug|Any CPU
		{455C7861-E238-4B96-B45A-DF0E4FF8C633}.Debug|x64.Build.0 = Debug|Any CPU
		{455C7861-E238-4B96-B45A-DF0E4FF8C633}.Debug|x86.ActiveCfg = Debug|Any CPU
		{455C7861-E238-4B96-B45A-DF0E4FF8C633}.Debug|x86.Build.0 = Debug|Any CPU
		{455C7861-E238-4B96-B45A-DF0E4FF8C633}.Release|Any CPU.ActiveCfg = Release|Any CPU
		{455C7861-E238-4B96-B45A-DF0E4FF8C633}.Release|Any CPU.Build.0 = Release|Any CPU
		{455C7861-E238-4B96-B45A-DF0E4FF8C633}.Release|x64.ActiveCfg = Release|Any CPU
		{455C7861-E238-4B96-B45A-DF0E4FF8C633}.Release|x64.Build.0 = Release|Any CPU
		{455C7861-E238-4B96-B45A-DF0E4FF8C633}.Release|x86.ActiveCfg = Release|Any CPU
		{455C7861-E238-4B96-B45A-DF0E4FF8C633}.Release|x86.Build.0 = Release|Any CPU
	EndGlobalSection
	GlobalSection(SolutionProperties) = preSolution
		HideSolutionNode = FALSE
	EndGlobalSection
	GlobalSection(NestedProjects) = preSolution
		{D2FD8F67-80A3-4C82-9857-DA46FC9B3BE0} = {11B5C3FD-0B85-4319-B56D-F2E5DBFBF1A8}
		{8095D58A-AC83-462D-AF4A-7FB154A244A8} = {11B5C3FD-0B85-4319-B56D-F2E5DBFBF1A8}
		{D6B1FA60-D8B9-430E-9273-952EDB44CC10} = {11B5C3FD-0B85-4319-B56D-F2E5DBFBF1A8}
		{3AF7C49F-564D-4604-9AC9-C035D051B493} = {4E2E04D4-EDC8-4A72-91BC-73F66A76F811}
		{7422C684-E297-4146-9952-37B682310961} = {4E2E04D4-EDC8-4A72-91BC-73F66A76F811}
		{F07F4D93-F22A-4E22-95E0-2C9D047EDE57} = {4E2E04D4-EDC8-4A72-91BC-73F66A76F811}
	EndGlobalSection
EndGlobal
